
Microsoft Visual Studio Solution File, Format Version 12.00
# Visual Studio Version 17
VisualStudioVersion = 17.1.32328.378
MinimumVisualStudioVersion = 10.0.40219.1
Project("{9A19103F-16F7-4668-BE54-9A1E7A4F7556}") = "SchoolManagement.Models", "school.Models\SchoolManagement.Models.csproj", "{540405B6-9E8B-4187-BA69-967054EADCBB}"
EndProject
Project("{9A19103F-16F7-4668-BE54-9A1E7A4F7556}") = "SchoolManagement.Console", "school.Console\SchoolManagement.Console.csproj", "{4124D17E-A680-4191-A89E-C096D85C9304}"
EndProject
Project("{9A19103F-16F7-4668-BE54-9A1E7A4F7556}") = "SchoolManagement.Data", "school.Data\SchoolManagement.Data.csproj", "{ED29A7CA-1968-4290-B322-6BFDC3D2DF6F}"
EndProject
Project("{9A19103F-16F7-4668-BE54-9A1E7A4F7556}") = "SchoolManagement.Web", "school.Web\SchoolManagement.Web.csproj", "{F2F5F8A1-B8EB-4371-A80A-DB73A795D4C8}"
	ProjectSection(ProjectDependencies) = postProject
		{540405B6-9E8B-4187-BA69-967054EADCBB} = {540405B6-9E8B-4187-BA69-967054EADCBB}
		{ED29A7CA-1968-4290-B322-6BFDC3D2DF6F} = {ED29A7CA-1968-4290-B322-6BFDC3D2DF6F}
	EndProjectSection
EndProject
Project("{9A19103F-16F7-4668-BE54-9A1E7A4F7556}") = "SchoolManagement.API", "SchoolManagement.API\SchoolManagement.API.csproj", "{5A7979AE-6884-472E-B700-030CE88FDB03}"
EndProject
Project("{9A19103F-16F7-4668-BE54-9A1E7A4F7556}") = "SchoolManagement.Client", "SchoolManagement.Client\SchoolManagement.Client.csproj", "{D0D1B826-5959-49C4-9363-C708F6FEF98C}"
EndProject
Project("{E53339B2-1760-4266-BCC7-CA923CBCF16C}") = "docker-compose", "docker-compose.dcproj", "{C5F32667-AD28-4B6B-804E-64D2EEDA161E}"
EndProject
Global
	GlobalSection(SolutionConfigurationPlatforms) = preSolution
		Debug|Any CPU = Debug|Any CPU
		Release|Any CPU = Release|Any CPU
	EndGlobalSection
	GlobalSection(ProjectConfigurationPlatforms) = postSolution
		{540405B6-9E8B-4187-BA69-967054EADCBB}.Debug|Any CPU.ActiveCfg = Debug|Any CPU
		{540405B6-9E8B-4187-BA69-967054EADCBB}.Debug|Any CPU.Build.0 = Debug|Any CPU
		{540405B6-9E8B-4187-BA69-967054EADCBB}.Release|Any CPU.ActiveCfg = Release|Any CPU
		{540405B6-9E8B-4187-BA69-967054EADCBB}.Release|Any CPU.Build.0 = Release|Any CPU
		{4124D17E-A680-4191-A89E-C096D85C9304}.Debug|Any CPU.ActiveCfg = Debug|Any CPU
		{4124D17E-A680-4191-A89E-C096D85C9304}.Debug|Any CPU.Build.0 = Debug|Any CPU
		{4124D17E-A680-4191-A89E-C096D85C9304}.Release|Any CPU.ActiveCfg = Release|Any CPU
		{4124D17E-A680-4191-A89E-C096D85C9304}.Release|Any CPU.Build.0 = Release|Any CPU
		{ED29A7CA-1968-4290-B322-6BFDC3D2DF6F}.Debug|Any CPU.ActiveCfg = Debug|Any CPU
		{ED29A7CA-1968-4290-B322-6BFDC3D2DF6F}.Debug|Any CPU.Build.0 = Debug|Any CPU
		{ED29A7CA-1968-4290-B322-6BFDC3D2DF6F}.Release|Any CPU.ActiveCfg = Release|Any CPU
		{ED29A7CA-1968-4290-B322-6BFDC3D2DF6F}.Release|Any CPU.Build.0 = Release|Any CPU
		{F2F5F8A1-B8EB-4371-A80A-DB73A795D4C8}.Debug|Any CPU.ActiveCfg = Debug|Any CPU
		{F2F5F8A1-B8EB-4371-A80A-DB73A795D4C8}.Debug|Any CPU.Build.0 = Debug|Any CPU
		{F2F5F8A1-B8EB-4371-A80A-DB73A795D4C8}.Release|Any CPU.ActiveCfg = Release|Any CPU
		{F2F5F8A1-B8EB-4371-A80A-DB73A795D4C8}.Release|Any CPU.Build.0 = Release|Any CPU
		{5A7979AE-6884-472E-B700-030CE88FDB03}.Debug|Any CPU.ActiveCfg = Debug|Any CPU
		{5A7979AE-6884-472E-B700-030CE88FDB03}.Debug|Any CPU.Build.0 = Debug|Any CPU
		{5A7979AE-6884-472E-B700-030CE88FDB03}.Release|Any CPU.ActiveCfg = Release|Any CPU
		{5A7979AE-6884-472E-B700-030CE88FDB03}.Release|Any CPU.Build.0 = Release|Any CPU
		{D0D1B826-5959-49C4-9363-C708F6FEF98C}.Debug|Any CPU.ActiveCfg = Debug|Any CPU
		{D0D1B826-5959-49C4-9363-C708F6FEF98C}.Debug|Any CPU.Build.0 = Debug|Any CPU
		{D0D1B826-5959-49C4-9363-C708F6FEF98C}.Release|Any CPU.ActiveCfg = Release|Any CPU
		{D0D1B826-5959-49C4-9363-C708F6FEF98C}.Release|Any CPU.Build.0 = Release|Any CPU
		{C5F32667-AD28-4B6B-804E-64D2EEDA161E}.Debug|Any CPU.ActiveCfg = Debug|Any CPU
		{C5F32667-AD28-4B6B-804E-64D2EEDA161E}.Debug|Any CPU.Build.0 = Debug|Any CPU
		{C5F32667-AD28-4B6B-804E-64D2EEDA161E}.Release|Any CPU.ActiveCfg = Release|Any CPU
		{C5F32667-AD28-4B6B-804E-64D2EEDA161E}.Release|Any CPU.Build.0 = Release|Any CPU
	EndGlobalSection
	GlobalSection(SolutionProperties) = preSolution
		HideSolutionNode = FALSE
	EndGlobalSection
	GlobalSection(ExtensibilityGlobals) = postSolution
		SolutionGuid = {8DD1EB36-81C0-4BD1-9524-A213C50827C3}
	EndGlobalSection
EndGlobal
